// !$*UTF8*$!
{
	archiveVersion = 1;
	classes = {
	};
	objectVersion = 50;
	objects = {

/* Begin PBXBuildFile section */
		357C3EB4AC6F56C763D369F3 /* Pods_DemoEurekaTests.framework in Frameworks */ = {isa = PBXBuildFile; fileRef = 94E41ECDFCE5456810FEF1A3 /* Pods_DemoEurekaTests.framework */; };
		4BF2457C369C8256042B9C83 /* Pods_DemoEureka.framework in Frameworks */ = {isa = PBXBuildFile; fileRef = 47B8A3FD253B9BA864868F8C /* Pods_DemoEureka.framework */; };
		7D2E07A6540B3A3F4A5E35C8 /* Pods_DemoEurekaUITests.framework in Frameworks */ = {isa = PBXBuildFile; fileRef = 2D1E8000D27C71719786E058 /* Pods_DemoEurekaUITests.framework */; };
		D0C5647B20A051DD00B190FD /* AppDelegate.swift in Sources */ = {isa = PBXBuildFile; fileRef = D0C5647A20A051DD00B190FD /* AppDelegate.swift */; };
		D0C5648020A051DD00B190FD /* Main.storyboard in Resources */ = {isa = PBXBuildFile; fileRef = D0C5647E20A051DD00B190FD /* Main.storyboard */; };
		D0C5648320A051DD00B190FD /* DemoEureka.xcdatamodeld in Sources */ = {isa = PBXBuildFile; fileRef = D0C5648120A051DD00B190FD /* DemoEureka.xcdatamodeld */; };
		D0C5648520A051E000B190FD /* Assets.xcassets in Resources */ = {isa = PBXBuildFile; fileRef = D0C5648420A051E000B190FD /* Assets.xcassets */; };
		D0C5648820A051E000B190FD /* LaunchScreen.storyboard in Resources */ = {isa = PBXBuildFile; fileRef = D0C5648620A051E000B190FD /* LaunchScreen.storyboard */; };
		D0C5649320A051E000B190FD /* DemoEurekaTests.swift in Sources */ = {isa = PBXBuildFile; fileRef = D0C5649220A051E000B190FD /* DemoEurekaTests.swift */; };
		D0C5649E20A051E000B190FD /* DemoEurekaUITests.swift in Sources */ = {isa = PBXBuildFile; fileRef = D0C5649D20A051E000B190FD /* DemoEurekaUITests.swift */; };
		D0D27AD520A05A62003B09B1 /* HomeViewController.swift in Sources */ = {isa = PBXBuildFile; fileRef = D0D27AD320A05A62003B09B1 /* HomeViewController.swift */; };
		D0D27AD620A05A62003B09B1 /* HomeViewController.xib in Resources */ = {isa = PBXBuildFile; fileRef = D0D27AD420A05A62003B09B1 /* HomeViewController.xib */; };
/* End PBXBuildFile section */

/* Begin PBXContainerItemProxy section */
		D0C5648F20A051E000B190FD /* PBXContainerItemProxy */ = {
			isa = PBXContainerItemProxy;
			containerPortal = D0C5646F20A051DD00B190FD /* Project object */;
			proxyType = 1;
			remoteGlobalIDString = D0C5647620A051DD00B190FD;
			remoteInfo = DemoEureka;
		};
		D0C5649A20A051E000B190FD /* PBXContainerItemProxy */ = {
			isa = PBXContainerItemProxy;
			containerPortal = D0C5646F20A051DD00B190FD /* Project object */;
			proxyType = 1;
			remoteGlobalIDString = D0C5647620A051DD00B190FD;
			remoteInfo = DemoEureka;
		};
/* End PBXContainerItemProxy section */

/* Begin PBXFileReference section */
		2D1E8000D27C71719786E058 /* Pods_DemoEurekaUITests.framework */ = {isa = PBXFileReference; explicitFileType = wrapper.framework; includeInIndex = 0; path = Pods_DemoEurekaUITests.framework; sourceTree = BUILT_PRODUCTS_DIR; };
		47B8A3FD253B9BA864868F8C /* Pods_DemoEureka.framework */ = {isa = PBXFileReference; explicitFileType = wrapper.framework; includeInIndex = 0; path = Pods_DemoEureka.framework; sourceTree = BUILT_PRODUCTS_DIR; };
		8865D0D31842238174C26BC4 /* Pods-DemoEurekaTests.release.xcconfig */ = {isa = PBXFileReference; includeInIndex = 1; lastKnownFileType = text.xcconfig; name = "Pods-DemoEurekaTests.release.xcconfig"; path = "Pods/Target Support Files/Pods-DemoEurekaTests/Pods-DemoEurekaTests.release.xcconfig"; sourceTree = "<group>"; };
		94E41ECDFCE5456810FEF1A3 /* Pods_DemoEurekaTests.framework */ = {isa = PBXFileReference; explicitFileType = wrapper.framework; includeInIndex = 0; path = Pods_DemoEurekaTests.framework; sourceTree = BUILT_PRODUCTS_DIR; };
		952E98A49B694DF464DF445A /* Pods-DemoEurekaTests.debug.xcconfig */ = {isa = PBXFileReference; includeInIndex = 1; lastKnownFileType = text.xcconfig; name = "Pods-DemoEurekaTests.debug.xcconfig"; path = "Pods/Target Support Files/Pods-DemoEurekaTests/Pods-DemoEurekaTests.debug.xcconfig"; sourceTree = "<group>"; };
		A56E33339901B824F37074ED /* Pods-DemoEurekaUITests.debug.xcconfig */ = {isa = PBXFileReference; includeInIndex = 1; lastKnownFileType = text.xcconfig; name = "Pods-DemoEurekaUITests.debug.xcconfig"; path = "Pods/Target Support Files/Pods-DemoEurekaUITests/Pods-DemoEurekaUITests.debug.xcconfig"; sourceTree = "<group>"; };
		AE0D6BDF592E77FC5BD09239 /* Pods-DemoEureka.release.xcconfig */ = {isa = PBXFileReference; includeInIndex = 1; lastKnownFileType = text.xcconfig; name = "Pods-DemoEureka.release.xcconfig"; path = "Pods/Target Support Files/Pods-DemoEureka/Pods-DemoEureka.release.xcconfig"; sourceTree = "<group>"; };
		BCB249D6C4A906DE0681F9E2 /* Pods-DemoEurekaUITests.release.xcconfig */ = {isa = PBXFileReference; includeInIndex = 1; lastKnownFileType = text.xcconfig; name = "Pods-DemoEurekaUITests.release.xcconfig"; path = "Pods/Target Support Files/Pods-DemoEurekaUITests/Pods-DemoEurekaUITests.release.xcconfig"; sourceTree = "<group>"; };
		D0C5647720A051DD00B190FD /* DemoEureka.app */ = {isa = PBXFileReference; explicitFileType = wrapper.application; includeInIndex = 0; path = DemoEureka.app; sourceTree = BUILT_PRODUCTS_DIR; };
		D0C5647A20A051DD00B190FD /* AppDelegate.swift */ = {isa = PBXFileReference; lastKnownFileType = sourcecode.swift; path = AppDelegate.swift; sourceTree = "<group>"; };
		D0C5647F20A051DD00B190FD /* Base */ = {isa = PBXFileReference; lastKnownFileType = file.storyboard; name = Base; path = Base.lproj/Main.storyboard; sourceTree = "<group>"; };
		D0C5648220A051DD00B190FD /* DemoEureka.xcdatamodel */ = {isa = PBXFileReference; lastKnownFileType = wrapper.xcdatamodel; path = DemoEureka.xcdatamodel; sourceTree = "<group>"; };
		D0C5648420A051E000B190FD /* Assets.xcassets */ = {isa = PBXFileReference; lastKnownFileType = folder.assetcatalog; path = Assets.xcassets; sourceTree = "<group>"; };
		D0C5648720A051E000B190FD /* Base */ = {isa = PBXFileReference; lastKnownFileType = file.storyboard; name = Base; path = Base.lproj/LaunchScreen.storyboard; sourceTree = "<group>"; };
		D0C5648920A051E000B190FD /* Info.plist */ = {isa = PBXFileReference; lastKnownFileType = text.plist.xml; path = Info.plist; sourceTree = "<group>"; };
		D0C5648E20A051E000B190FD /* DemoEurekaTests.xctest */ = {isa = PBXFileReference; explicitFileType = wrapper.cfbundle; includeInIndex = 0; path = DemoEurekaTests.xctest; sourceTree = BUILT_PRODUCTS_DIR; };
		D0C5649220A051E000B190FD /* DemoEurekaTests.swift */ = {isa = PBXFileReference; lastKnownFileType = sourcecode.swift; path = DemoEurekaTests.swift; sourceTree = "<group>"; };
		D0C5649420A051E000B190FD /* Info.plist */ = {isa = PBXFileReference; lastKnownFileType = text.plist.xml; path = Info.plist; sourceTree = "<group>"; };
		D0C5649920A051E000B190FD /* DemoEurekaUITests.xctest */ = {isa = PBXFileReference; explicitFileType = wrapper.cfbundle; includeInIndex = 0; path = DemoEurekaUITests.xctest; sourceTree = BUILT_PRODUCTS_DIR; };
		D0C5649D20A051E000B190FD /* DemoEurekaUITests.swift */ = {isa = PBXFileReference; lastKnownFileType = sourcecode.swift; path = DemoEurekaUITests.swift; sourceTree = "<group>"; };
		D0C5649F20A051E000B190FD /* Info.plist */ = {isa = PBXFileReference; lastKnownFileType = text.plist.xml; path = Info.plist; sourceTree = "<group>"; };
		D0D27AD320A05A62003B09B1 /* HomeViewController.swift */ = {isa = PBXFileReference; lastKnownFileType = sourcecode.swift; path = HomeViewController.swift; sourceTree = "<group>"; };
		D0D27AD420A05A62003B09B1 /* HomeViewController.xib */ = {isa = PBXFileReference; lastKnownFileType = file.xib; path = HomeViewController.xib; sourceTree = "<group>"; };
		FFF8A5ACF4A198EA214479EC /* Pods-DemoEureka.debug.xcconfig */ = {isa = PBXFileReference; includeInIndex = 1; lastKnownFileType = text.xcconfig; name = "Pods-DemoEureka.debug.xcconfig"; path = "Pods/Target Support Files/Pods-DemoEureka/Pods-DemoEureka.debug.xcconfig"; sourceTree = "<group>"; };
/* End PBXFileReference section */

/* Begin PBXFrameworksBuildPhase section */
		D0C5647420A051DD00B190FD /* Frameworks */ = {
			isa = PBXFrameworksBuildPhase;
			buildActionMask = 2147483647;
			files = (
				4BF2457C369C8256042B9C83 /* Pods_DemoEureka.framework in Frameworks */,
			);
			runOnlyForDeploymentPostprocessing = 0;
		};
		D0C5648B20A051E000B190FD /* Frameworks */ = {
			isa = PBXFrameworksBuildPhase;
			buildActionMask = 2147483647;
			files = (
				357C3EB4AC6F56C763D369F3 /* Pods_DemoEurekaTests.framework in Frameworks */,
			);
			runOnlyForDeploymentPostprocessing = 0;
		};
		D0C5649620A051E000B190FD /* Frameworks */ = {
			isa = PBXFrameworksBuildPhase;
			buildActionMask = 2147483647;
			files = (
				7D2E07A6540B3A3F4A5E35C8 /* Pods_DemoEurekaUITests.framework in Frameworks */,
			);
			runOnlyForDeploymentPostprocessing = 0;
		};
/* End PBXFrameworksBuildPhase section */

/* Begin PBXGroup section */
		42CFAD194F76DF14D3734A3C /* Pods */ = {
			isa = PBXGroup;
			children = (
				FFF8A5ACF4A198EA214479EC /* Pods-DemoEureka.debug.xcconfig */,
				AE0D6BDF592E77FC5BD09239 /* Pods-DemoEureka.release.xcconfig */,
				952E98A49B694DF464DF445A /* Pods-DemoEurekaTests.debug.xcconfig */,
				8865D0D31842238174C26BC4 /* Pods-DemoEurekaTests.release.xcconfig */,
				A56E33339901B824F37074ED /* Pods-DemoEurekaUITests.debug.xcconfig */,
				BCB249D6C4A906DE0681F9E2 /* Pods-DemoEurekaUITests.release.xcconfig */,
			);
			name = Pods;
			sourceTree = "<group>";
		};
		D0C5646E20A051DD00B190FD = {
			isa = PBXGroup;
			children = (
				D0C5647920A051DD00B190FD /* DemoEureka */,
				D0C5649120A051E000B190FD /* DemoEurekaTests */,
				D0C5649C20A051E000B190FD /* DemoEurekaUITests */,
				D0C5647820A051DD00B190FD /* Products */,
				42CFAD194F76DF14D3734A3C /* Pods */,
				F1488BC9BFC260B8C2CEB4EC /* Frameworks */,
			);
			sourceTree = "<group>";
		};
		D0C5647820A051DD00B190FD /* Products */ = {
			isa = PBXGroup;
			children = (
				D0C5647720A051DD00B190FD /* DemoEureka.app */,
				D0C5648E20A051E000B190FD /* DemoEurekaTests.xctest */,
				D0C5649920A051E000B190FD /* DemoEurekaUITests.xctest */,
			);
			name = Products;
			sourceTree = "<group>";
		};
		D0C5647920A051DD00B190FD /* DemoEureka */ = {
			isa = PBXGroup;
			children = (
				D0D27AD020A05A2D003B09B1 /* Home */,
				D0C5647A20A051DD00B190FD /* AppDelegate.swift */,
				D0C5647E20A051DD00B190FD /* Main.storyboard */,
				D0C5648420A051E000B190FD /* Assets.xcassets */,
				D0C5648620A051E000B190FD /* LaunchScreen.storyboard */,
				D0C5648920A051E000B190FD /* Info.plist */,
				D0C5648120A051DD00B190FD /* DemoEureka.xcdatamodeld */,
			);
			path = DemoEureka;
			sourceTree = "<group>";
		};
		D0C5649120A051E000B190FD /* DemoEurekaTests */ = {
			isa = PBXGroup;
			children = (
				D0C5649220A051E000B190FD /* DemoEurekaTests.swift */,
				D0C5649420A051E000B190FD /* Info.plist */,
			);
			path = DemoEurekaTests;
			sourceTree = "<group>";
		};
		D0C5649C20A051E000B190FD /* DemoEurekaUITests */ = {
			isa = PBXGroup;
			children = (
				D0C5649D20A051E000B190FD /* DemoEurekaUITests.swift */,
				D0C5649F20A051E000B190FD /* Info.plist */,
			);
			path = DemoEurekaUITests;
			sourceTree = "<group>";
		};
		D0D27AD020A05A2D003B09B1 /* Home */ = {
			isa = PBXGroup;
			children = (
				D0D27AD320A05A62003B09B1 /* HomeViewController.swift */,
				D0D27AD420A05A62003B09B1 /* HomeViewController.xib */,
			);
			path = Home;
			sourceTree = "<group>";
		};
		F1488BC9BFC260B8C2CEB4EC /* Frameworks */ = {
			isa = PBXGroup;
			children = (
				47B8A3FD253B9BA864868F8C /* Pods_DemoEureka.framework */,
				94E41ECDFCE5456810FEF1A3 /* Pods_DemoEurekaTests.framework */,
				2D1E8000D27C71719786E058 /* Pods_DemoEurekaUITests.framework */,
			);
			name = Frameworks;
			sourceTree = "<group>";
		};
/* End PBXGroup section */

/* Begin PBXNativeTarget section */
		D0C5647620A051DD00B190FD /* DemoEureka */ = {
			isa = PBXNativeTarget;
			buildConfigurationList = D0C564A220A051E000B190FD /* Build configuration list for PBXNativeTarget "DemoEureka" */;
			buildPhases = (
				51E5533A531BE53F58EB5574 /* [CP] Check Pods Manifest.lock */,
				D0C5647320A051DD00B190FD /* Sources */,
				D0C5647420A051DD00B190FD /* Frameworks */,
				D0C5647520A051DD00B190FD /* Resources */,
				BB2C27A55FDB9EE3871ED8D8 /* [CP] Embed Pods Frameworks */,
			);
			buildRules = (
			);
			dependencies = (
			);
			name = DemoEureka;
			productName = DemoEureka;
			productReference = D0C5647720A051DD00B190FD /* DemoEureka.app */;
			productType = "com.apple.product-type.application";
		};
		D0C5648D20A051E000B190FD /* DemoEurekaTests */ = {
			isa = PBXNativeTarget;
			buildConfigurationList = D0C564A520A051E000B190FD /* Build configuration list for PBXNativeTarget "DemoEurekaTests" */;
			buildPhases = (
				D9AFD5A0520762E74A645B9C /* [CP] Check Pods Manifest.lock */,
				D0C5648A20A051E000B190FD /* Sources */,
				D0C5648B20A051E000B190FD /* Frameworks */,
				D0C5648C20A051E000B190FD /* Resources */,
			);
			buildRules = (
			);
			dependencies = (
				D0C5649020A051E000B190FD /* PBXTargetDependency */,
			);
			name = DemoEurekaTests;
			productName = DemoEurekaTests;
			productReference = D0C5648E20A051E000B190FD /* DemoEurekaTests.xctest */;
			productType = "com.apple.product-type.bundle.unit-test";
		};
		D0C5649820A051E000B190FD /* DemoEurekaUITests */ = {
			isa = PBXNativeTarget;
			buildConfigurationList = D0C564A820A051E000B190FD /* Build configuration list for PBXNativeTarget "DemoEurekaUITests" */;
			buildPhases = (
				7281E590A8FA6E5DB8D287E9 /* [CP] Check Pods Manifest.lock */,
				D0C5649520A051E000B190FD /* Sources */,
				D0C5649620A051E000B190FD /* Frameworks */,
				D0C5649720A051E000B190FD /* Resources */,
			);
			buildRules = (
			);
			dependencies = (
				D0C5649B20A051E000B190FD /* PBXTargetDependency */,
			);
			name = DemoEurekaUITests;
			productName = DemoEurekaUITests;
			productReference = D0C5649920A051E000B190FD /* DemoEurekaUITests.xctest */;
			productType = "com.apple.product-type.bundle.ui-testing";
		};
/* End PBXNativeTarget section */

/* Begin PBXProject section */
		D0C5646F20A051DD00B190FD /* Project object */ = {
			isa = PBXProject;
			attributes = {
				LastSwiftUpdateCheck = 0930;
				LastUpgradeCheck = 0930;
				ORGANIZATIONNAME = Saurabh;
				TargetAttributes = {
					D0C5647620A051DD00B190FD = {
						CreatedOnToolsVersion = 9.3;
					};
					D0C5648D20A051E000B190FD = {
						CreatedOnToolsVersion = 9.3;
						TestTargetID = D0C5647620A051DD00B190FD;
					};
					D0C5649820A051E000B190FD = {
						CreatedOnToolsVersion = 9.3;
						TestTargetID = D0C5647620A051DD00B190FD;
					};
				};
			};
			buildConfigurationList = D0C5647220A051DD00B190FD /* Build configuration list for PBXProject "DemoEureka" */;
			compatibilityVersion = "Xcode 9.3";
			developmentRegion = en;
			hasScannedForEncodings = 0;
			knownRegions = (
				en,
				Base,
			);
			mainGroup = D0C5646E20A051DD00B190FD;
			productRefGroup = D0C5647820A051DD00B190FD /* Products */;
			projectDirPath = "";
			projectRoot = "";
			targets = (
				D0C5647620A051DD00B190FD /* DemoEureka */,
				D0C5648D20A051E000B190FD /* DemoEurekaTests */,
				D0C5649820A051E000B190FD /* DemoEurekaUITests */,
			);
		};
/* End PBXProject section */

/* Begin PBXResourcesBuildPhase section */
		D0C5647520A051DD00B190FD /* Resources */ = {
			isa = PBXResourcesBuildPhase;
			buildActionMask = 2147483647;
			files = (
				D0C5648820A051E000B190FD /* LaunchScreen.storyboard in Resources */,
				D0C5648520A051E000B190FD /* Assets.xcassets in Resources */,
				D0C5648020A051DD00B190FD /* Main.storyboard in Resources */,
				D0D27AD620A05A62003B09B1 /* HomeViewController.xib in Resources */,
			);
			runOnlyForDeploymentPostprocessing = 0;
		};
		D0C5648C20A051E000B190FD /* Resources */ = {
			isa = PBXResourcesBuildPhase;
			buildActionMask = 2147483647;
			files = (
			);
			runOnlyForDeploymentPostprocessing = 0;
		};
		D0C5649720A051E000B190FD /* Resources */ = {
			isa = PBXResourcesBuildPhase;
			buildActionMask = 2147483647;
			files = (
			);
			runOnlyForDeploymentPostprocessing = 0;
		};
/* End PBXResourcesBuildPhase section */

/* Begin PBXShellScriptBuildPhase section */
		51E5533A531BE53F58EB5574 /* [CP] Check Pods Manifest.lock */ = {
			isa = PBXShellScriptBuildPhase;
			buildActionMask = 2147483647;
			files = (
			);
			inputPaths = (
				"${PODS_PODFILE_DIR_PATH}/Podfile.lock",
				"${PODS_ROOT}/Manifest.lock",
			);
			name = "[CP] Check Pods Manifest.lock";
			outputPaths = (
				"$(DERIVED_FILE_DIR)/Pods-DemoEureka-checkManifestLockResult.txt",
			);
			runOnlyForDeploymentPostprocessing = 0;
			shellPath = /bin/sh;
			shellScript = "diff \"${PODS_PODFILE_DIR_PATH}/Podfile.lock\" \"${PODS_ROOT}/Manifest.lock\" > /dev/null\nif [ $? != 0 ] ; then\n    # print error to STDERR\n    echo \"error: The sandbox is not in sync with the Podfile.lock. Run 'pod install' or update your CocoaPods installation.\" >&2\n    exit 1\nfi\n# This output is used by Xcode 'outputs' to avoid re-running this script phase.\necho \"SUCCESS\" > \"${SCRIPT_OUTPUT_FILE_0}\"\n";
			showEnvVarsInLog = 0;
		};
		7281E590A8FA6E5DB8D287E9 /* [CP] Check Pods Manifest.lock */ = {
			isa = PBXShellScriptBuildPhase;
			buildActionMask = 2147483647;
			files = (
			);
			inputPaths = (
				"${PODS_PODFILE_DIR_PATH}/Podfile.lock",
				"${PODS_ROOT}/Manifest.lock",
			);
			name = "[CP] Check Pods Manifest.lock";
			outputPaths = (
				"$(DERIVED_FILE_DIR)/Pods-DemoEurekaUITests-checkManifestLockResult.txt",
			);
			runOnlyForDeploymentPostprocessing = 0;
			shellPath = /bin/sh;
			shellScript = "diff \"${PODS_PODFILE_DIR_PATH}/Podfile.lock\" \"${PODS_ROOT}/Manifest.lock\" > /dev/null\nif [ $? != 0 ] ; then\n    # print error to STDERR\n    echo \"error: The sandbox is not in sync with the Podfile.lock. Run 'pod install' or update your CocoaPods installation.\" >&2\n    exit 1\nfi\n# This output is used by Xcode 'outputs' to avoid re-running this script phase.\necho \"SUCCESS\" > \"${SCRIPT_OUTPUT_FILE_0}\"\n";
			showEnvVarsInLog = 0;
		};
		BB2C27A55FDB9EE3871ED8D8 /* [CP] Embed Pods Frameworks */ = {
			isa = PBXShellScriptBuildPhase;
			buildActionMask = 2147483647;
			files = (
			);
			inputPaths = (
				"${SRCROOT}/Pods/Target Support Files/Pods-DemoEureka/Pods-DemoEureka-frameworks.sh",
				"${BUILT_PRODUCTS_DIR}/Eureka/Eureka.framework",
			);
			name = "[CP] Embed Pods Frameworks";
			outputPaths = (
				"${TARGET_BUILD_DIR}/${FRAMEWORKS_FOLDER_PATH}/Eureka.framework",
			);
			runOnlyForDeploymentPostprocessing = 0;
			shellPath = /bin/sh;
			shellScript = "\"${SRCROOT}/Pods/Target Support Files/Pods-DemoEureka/Pods-DemoEureka-frameworks.sh\"\n";
			showEnvVarsInLog = 0;
		};
		D9AFD5A0520762E74A645B9C /* [CP] Check Pods Manifest.lock */ = {
			isa = PBXShellScriptBuildPhase;
			buildActionMask = 2147483647;
			files = (
			);
			inputPaths = (
				"${PODS_PODFILE_DIR_PATH}/Podfile.lock",
				"${PODS_ROOT}/Manifest.lock",
			);
			name = "[CP] Check Pods Manifest.lock";
			outputPaths = (
				"$(DERIVED_FILE_DIR)/Pods-DemoEurekaTests-checkManifestLockResult.txt",
			);
			runOnlyForDeploymentPostprocessing = 0;
			shellPath = /bin/sh;
			shellScript = "diff \"${PODS_PODFILE_DIR_PATH}/Podfile.lock\" \"${PODS_ROOT}/Manifest.lock\" > /dev/null\nif [ $? != 0 ] ; then\n    # print error to STDERR\n    echo \"error: The sandbox is not in sync with the Podfile.lock. Run 'pod install' or update your CocoaPods installation.\" >&2\n    exit 1\nfi\n# This output is used by Xcode 'outputs' to avoid re-running this script phase.\necho \"SUCCESS\" > \"${SCRIPT_OUTPUT_FILE_0}\"\n";
			showEnvVarsInLog = 0;
		};
/* End PBXShellScriptBuildPhase section */

/* Begin PBXSourcesBuildPhase section */
		D0C5647320A051DD00B190FD /* Sources */ = {
			isa = PBXSourcesBuildPhase;
			buildActionMask = 2147483647;
			files = (
				D0C5648320A051DD00B190FD /* DemoEureka.xcdatamodeld in Sources */,
				D0C5647B20A051DD00B190FD /* AppDelegate.swift in Sources */,
				D0D27AD520A05A62003B09B1 /* HomeViewController.swift in Sources */,
			);
			runOnlyForDeploymentPostprocessing = 0;
		};
		D0C5648A20A051E000B190FD /* Sources */ = {
			isa = PBXSourcesBuildPhase;
			buildActionMask = 2147483647;
			files = (
				D0C5649320A051E000B190FD /* DemoEurekaTests.swift in Sources */,
			);
			runOnlyForDeploymentPostprocessing = 0;
		};
		D0C5649520A051E000B190FD /* Sources */ = {
			isa = PBXSourcesBuildPhase;
			buildActionMask = 2147483647;
			files = (
				D0C5649E20A051E000B190FD /* DemoEurekaUITests.swift in Sources */,
			);
			runOnlyForDeploymentPostprocessing = 0;
		};
/* End PBXSourcesBuildPhase section */

/* Begin PBXTargetDependency section */
		D0C5649020A051E000B190FD /* PBXTargetDependency */ = {
			isa = PBXTargetDependency;
			target = D0C5647620A051DD00B190FD /* DemoEureka */;
			targetProxy = D0C5648F20A051E000B190FD /* PBXContainerItemProxy */;
		};
		D0C5649B20A051E000B190FD /* PBXTargetDependency */ = {
			isa = PBXTargetDependency;
			target = D0C5647620A051DD00B190FD /* DemoEureka */;
			targetProxy = D0C5649A20A051E000B190FD /* PBXContainerItemProxy */;
		};
/* End PBXTargetDependency section */

/* Begin PBXVariantGroup section */
		D0C5647E20A051DD00B190FD /* Main.storyboard */ = {
			isa = PBXVariantGroup;
			children = (
				D0C5647F20A051DD00B190FD /* Base */,
			);
			name = Main.storyboard;
			sourceTree = "<group>";
		};
		D0C5648620A051E000B190FD /* LaunchScreen.storyboard */ = {
			isa = PBXVariantGroup;
			children = (
				D0C5648720A051E000B190FD /* Base */,
			);
			name = LaunchScreen.storyboard;
			sourceTree = "<group>";
		};
/* End PBXVariantGroup section */

/* Begin XCBuildConfiguration section */
		D0C564A020A051E000B190FD /* Debug */ = {
			isa = XCBuildConfiguration;
			buildSettings = {
				ALWAYS_SEARCH_USER_PATHS = NO;
				CLANG_ANALYZER_NONNULL = YES;
				CLANG_ANALYZER_NUMBER_OBJECT_CONVERSION = YES_AGGRESSIVE;
				CLANG_CXX_LANGUAGE_STANDARD = "gnu++14";
				CLANG_CXX_LIBRARY = "libc++";
				CLANG_ENABLE_MODULES = YES;
				CLANG_ENABLE_OBJC_ARC = YES;
				CLANG_ENABLE_OBJC_WEAK = YES;
				CLANG_WARN_BLOCK_CAPTURE_AUTORELEASING = YES;
				CLANG_WARN_BOOL_CONVERSION = YES;
				CLANG_WARN_COMMA = YES;
				CLANG_WARN_CONSTANT_CONVERSION = YES;
				CLANG_WARN_DEPRECATED_OBJC_IMPLEMENTATIONS = YES;
				CLANG_WARN_DIRECT_OBJC_ISA_USAGE = YES_ERROR;
				CLANG_WARN_DOCUMENTATION_COMMENTS = YES;
				CLANG_WARN_EMPTY_BODY = YES;
				CLANG_WARN_ENUM_CONVERSION = YES;
				CLANG_WARN_INFINITE_RECURSION = YES;
				CLANG_WARN_INT_CONVERSION = YES;
				CLANG_WARN_NON_LITERAL_NULL_CONVERSION = YES;
				CLANG_WARN_OBJC_IMPLICIT_RETAIN_SELF = YES;
				CLANG_WARN_OBJC_LITERAL_CONVERSION = YES;
				CLANG_WARN_OBJC_ROOT_CLASS = YES_ERROR;
				CLANG_WARN_RANGE_LOOP_ANALYSIS = YES;
				CLANG_WARN_STRICT_PROTOTYPES = YES;
				CLANG_WARN_SUSPICIOUS_MOVE = YES;
				CLANG_WARN_UNGUARDED_AVAILABILITY = YES_AGGRESSIVE;
				CLANG_WARN_UNREACHABLE_CODE = YES;
				CLANG_WARN__DUPLICATE_METHOD_MATCH = YES;
				CODE_SIGN_IDENTITY = "iPhone Developer";
				COPY_PHASE_STRIP = NO;
				DEBUG_INFORMATION_FORMAT = dwarf;
				ENABLE_STRICT_OBJC_MSGSEND = YES;
				ENABLE_TESTABILITY = YES;
				GCC_C_LANGUAGE_STANDARD = gnu11;
				GCC_DYNAMIC_NO_PIC = NO;
				GCC_NO_COMMON_BLOCKS = YES;
				GCC_OPTIMIZATION_LEVEL = 0;
				GCC_PREPROCESSOR_DEFINITIONS = (
					"DEBUG=1",
					"$(inherited)",
				);
				GCC_WARN_64_TO_32_BIT_CONVERSION = YES;
				GCC_WARN_ABOUT_RETURN_TYPE = YES_ERROR;
				GCC_WARN_UNDECLARED_SELECTOR = YES;
				GCC_WARN_UNINITIALIZED_AUTOS = YES_AGGRESSIVE;
				GCC_WARN_UNUSED_FUNCTION = YES;
				GCC_WARN_UNUSED_VARIABLE = YES;
				IPHONEOS_DEPLOYMENT_TARGET = 11.3;
				MTL_ENABLE_DEBUG_INFO = YES;
				ONLY_ACTIVE_ARCH = YES;
				SDKROOT = iphoneos;
				SWIFT_ACTIVE_COMPILATION_CONDITIONS = DEBUG;
				SWIFT_OPTIMIZATION_LEVEL = "-Onone";
			};
			name = Debug;
		};
		D0C564A120A051E000B190FD /* Release */ = {
			isa = XCBuildConfiguration;
			buildSettings = {
				ALWAYS_SEARCH_USER_PATHS = NO;
				CLANG_ANALYZER_NONNULL = YES;
				CLANG_ANALYZER_NUMBER_OBJECT_CONVERSION = YES_AGGRESSIVE;
				CLANG_CXX_LANGUAGE_STANDARD = "gnu++14";
				CLANG_CXX_LIBRARY = "libc++";
				CLANG_ENABLE_MODULES = YES;
				CLANG_ENABLE_OBJC_ARC = YES;
				CLANG_ENABLE_OBJC_WEAK = YES;
				CLANG_WARN_BLOCK_CAPTURE_AUTORELEASING = YES;
				CLANG_WARN_BOOL_CONVERSION = YES;
				CLANG_WARN_COMMA = YES;
				CLANG_WARN_CONSTANT_CONVERSION = YES;
				CLANG_WARN_DEPRECATED_OBJC_IMPLEMENTATIONS = YES;
				CLANG_WARN_DIRECT_OBJC_ISA_USAGE = YES_ERROR;
				CLANG_WARN_DOCUMENTATION_COMMENTS = YES;
				CLANG_WARN_EMPTY_BODY = YES;
				CLANG_WARN_ENUM_CONVERSION = YES;
				CLANG_WARN_INFINITE_RECURSION = YES;
				CLANG_WARN_INT_CONVERSION = YES;
				CLANG_WARN_NON_LITERAL_NULL_CONVERSION = YES;
				CLANG_WARN_OBJC_IMPLICIT_RETAIN_SELF = YES;
				CLANG_WARN_OBJC_LITERAL_CONVERSION = YES;
				CLANG_WARN_OBJC_ROOT_CLASS = YES_ERROR;
				CLANG_WARN_RANGE_LOOP_ANALYSIS = YES;
				CLANG_WARN_STRICT_PROTOTYPES = YES;
				CLANG_WARN_SUSPICIOUS_MOVE = YES;
				CLANG_WARN_UNGUARDED_AVAILABILITY = YES_AGGRESSIVE;
				CLANG_WARN_UNREACHABLE_CODE = YES;
				CLANG_WARN__DUPLICATE_METHOD_MATCH = YES;
				CODE_SIGN_IDENTITY = "iPhone Developer";
				COPY_PHASE_STRIP = NO;
				DEBUG_INFORMATION_FORMAT = "dwarf-with-dsym";
				ENABLE_NS_ASSERTIONS = NO;
				ENABLE_STRICT_OBJC_MSGSEND = YES;
				GCC_C_LANGUAGE_STANDARD = gnu11;
				GCC_NO_COMMON_BLOCKS = YES;
				GCC_WARN_64_TO_32_BIT_CONVERSION = YES;
				GCC_WARN_ABOUT_RETURN_TYPE = YES_ERROR;
				GCC_WARN_UNDECLARED_SELECTOR = YES;
				GCC_WARN_UNINITIALIZED_AUTOS = YES_AGGRESSIVE;
				GCC_WARN_UNUSED_FUNCTION = YES;
				GCC_WARN_UNUSED_VARIABLE = YES;
				IPHONEOS_DEPLOYMENT_TARGET = 11.3;
				MTL_ENABLE_DEBUG_INFO = NO;
				SDKROOT = iphoneos;
				SWIFT_COMPILATION_MODE = wholemodule;
				SWIFT_OPTIMIZATION_LEVEL = "-O";
				VALIDATE_PRODUCT = YES;
			};
			name = Release;
		};
		D0C564A320A051E000B190FD /* Debug */ = {
			isa = XCBuildConfiguration;
			baseConfigurationReference = FFF8A5ACF4A198EA214479EC /* Pods-DemoEureka.debug.xcconfig */;
			buildSettings = {
				ASSETCATALOG_COMPILER_APPICON_NAME = AppIcon;
				CODE_SIGN_STYLE = Automatic;
				DEVELOPMENT_TEAM = GA795399T3;
				INFOPLIST_FILE = DemoEureka/Info.plist;
				LD_RUNPATH_SEARCH_PATHS = (
					"$(inherited)",
					"@executable_path/Frameworks",
				);
				PRODUCT_BUNDLE_IDENTIFIER = com.saurabh.DemoEureka;
				PRODUCT_NAME = "$(TARGET_NAME)";
				SWIFT_VERSION = 4.0;
				TARGETED_DEVICE_FAMILY = 2;
			};
			name = Debug;
		};
		D0C564A420A051E000B190FD /* Release */ = {
			isa = XCBuildConfiguration;
			baseConfigurationReference = AE0D6BDF592E77FC5BD09239 /* Pods-DemoEureka.release.xcconfig */;
			buildSettings = {
				ASSETCATALOG_COMPILER_APPICON_NAME = AppIcon;
				CODE_SIGN_STYLE = Automatic;
				DEVELOPMENT_TEAM = GA795399T3;
				INFOPLIST_FILE = DemoEureka/Info.plist;
				LD_RUNPATH_SEARCH_PATHS = (
					"$(inherited)",
					"@executable_path/Frameworks",
				);
				PRODUCT_BUNDLE_IDENTIFIER = com.saurabh.DemoEureka;
				PRODUCT_NAME = "$(TARGET_NAME)";
				SWIFT_VERSION = 4.0;
				TARGETED_DEVICE_FAMILY = 2;
			};
			name = Release;
		};
		D0C564A620A051E000B190FD /* Debug */ = {
			isa = XCBuildConfiguration;
			baseConfigurationReference = 952E98A49B694DF464DF445A /* Pods-DemoEurekaTests.debug.xcconfig */;
			buildSettings = {
				ALWAYS_EMBED_SWIFT_STANDARD_LIBRARIES = YES;
				BUNDLE_LOADER = "$(TEST_HOST)";
				CODE_SIGN_STYLE = Automatic;
				DEVELOPMENT_TEAM = GA795399T3;
				INFOPLIST_FILE = DemoEurekaTests/Info.plist;
				LD_RUNPATH_SEARCH_PATHS = (
					"$(inherited)",
					"@executable_path/Frameworks",
					"@loader_path/Frameworks",
				);
				PRODUCT_BUNDLE_IDENTIFIER = com.saurabh.DemoEurekaTests;
				PRODUCT_NAME = "$(TARGET_NAME)";
				SWIFT_VERSION = 4.0;
				TARGETED_DEVICE_FAMILY = "1,2";
				TEST_HOST = "$(BUILT_PRODUCTS_DIR)/DemoEureka.app/DemoEureka";
			};
			name = Debug;
		};
		D0C564A720A051E000B190FD /* Release */ = {
			isa = XCBuildConfiguration;
			baseConfigurationReference = 8865D0D31842238174C26BC4 /* Pods-DemoEurekaTests.release.xcconfig */;
			buildSettings = {
				ALWAYS_EMBED_SWIFT_STANDARD_LIBRARIES = YES;
				BUNDLE_LOADER = "$(TEST_HOST)";
				CODE_SIGN_STYLE = Automatic;
				DEVELOPMENT_TEAM = GA795399T3;
				INFOPLIST_FILE = DemoEurekaTests/Info.plist;
				LD_RUNPATH_SEARCH_PATHS = (
					"$(inherited)",
					"@executable_path/Frameworks",
					"@loader_path/Frameworks",
				);
				PRODUCT_BUNDLE_IDENTIFIER = com.saurabh.DemoEurekaTests;
				PRODUCT_NAME = "$(TARGET_NAME)";
				SWIFT_VERSION = 4.0;
				TARGETED_DEVICE_FAMILY = "1,2";
				TEST_HOST = "$(BUILT_PRODUCTS_DIR)/DemoEureka.app/DemoEureka";
			};
			name = Release;
		};
		D0C564A920A051E000B190FD /* Debug */ = {
			isa = XCBuildConfiguration;
			baseConfigurationReference = A56E33339901B824F37074ED /* Pods-DemoEurekaUITests.debug.xcconfig */;
			buildSettings = {
				ALWAYS_EMBED_SWIFT_STANDARD_LIBRARIES = YES;
				CODE_SIGN_STYLE = Automatic;
				DEVELOPMENT_TEAM = GA795399T3;
				INFOPLIST_FILE = DemoEurekaUITests/Info.plist;
				LD_RUNPATH_SEARCH_PATHS = (
					"$(inherited)",
					"@executable_path/Frameworks",
					"@loader_path/Frameworks",
				);
				PRODUCT_BUNDLE_IDENTIFIER = com.saurabh.DemoEurekaUITests;
				PRODUCT_NAME = "$(TARGET_NAME)";
				SWIFT_VERSION = 4.0;
				TARGETED_DEVICE_FAMILY = "1,2";
				TEST_TARGET_NAME = DemoEureka;
			};
			name = Debug;
		};
		D0C564AA20A051E000B190FD /* Release */ = {
			isa = XCBuildConfiguration;
			baseConfigurationReference = BCB249D6C4A906DE0681F9E2 /* Pods-DemoEurekaUITests.release.xcconfig */;
			buildSettings = {
				ALWAYS_EMBED_SWIFT_STANDARD_LIBRARIES = YES;
				CODE_SIGN_STYLE = Automatic;
				DEVELOPMENT_TEAM = GA795399T3;
				INFOPLIST_FILE = DemoEurekaUITests/Info.plist;
				LD_RUNPATH_SEARCH_PATHS = (
					"$(inherited)",
					"@executable_path/Frameworks",
					"@loader_path/Frameworks",
				);
				PRODUCT_BUNDLE_IDENTIFIER = com.saurabh.DemoEurekaUITests;
				PRODUCT_NAME = "$(TARGET_NAME)";
				SWIFT_VERSION = 4.0;
				TARGETED_DEVICE_FAMILY = "1,2";
				TEST_TARGET_NAME = DemoEureka;
			};
			name = Release;
		};
/* End XCBuildConfiguration section */

/* Begin XCConfigurationList section */
		D0C5647220A051DD00B190FD /* Build configuration list for PBXProject "DemoEureka" */ = {
			isa = XCConfigurationList;
			buildConfigurations = (
				D0C564A020A051E000B190FD /* Debug */,
				D0C564A120A051E000B190FD /* Release */,
			);
			defaultConfigurationIsVisible = 0;
			defaultConfigurationName = Release;
		};
		D0C564A220A051E000B190FD /* Build configuration list for PBXNativeTarget "DemoEureka" */ = {
			isa = XCConfigurationList;
			buildConfigurations = (
				D0C564A320A051E000B190FD /* Debug */,
				D0C564A420A051E000B190FD /* Release */,
			);
			defaultConfigurationIsVisible = 0;
			defaultConfigurationName = Release;
		};
		D0C564A520A051E000B190FD /* Build configuration list for PBXNativeTarget "DemoEurekaTests" */ = {
			isa = XCConfigurationList;
			buildConfigurations = (
				D0C564A620A051E000B190FD /* Debug */,
				D0C564A720A051E000B190FD /* Release */,
			);
			defaultConfigurationIsVisible = 0;
			defaultConfigurationName = Release;
		};
		D0C564A820A051E000B190FD /* Build configuration list for PBXNativeTarget "DemoEurekaUITests" */ = {
			isa = XCConfigurationList;
			buildConfigurations = (
				D0C564A920A051E000B190FD /* Debug */,
				D0C564AA20A051E000B190FD /* Release */,
			);
			defaultConfigurationIsVisible = 0;
			defaultConfigurationName = Release;
		};
/* End XCConfigurationList section */

/* Begin XCVersionGroup section */
		D0C5648120A051DD00B190FD /* DemoEureka.xcdatamodeld */ = {
			isa = XCVersionGroup;
			children = (
				D0C5648220A051DD00B190FD /* DemoEureka.xcdatamodel */,
			);
			currentVersion = D0C5648220A051DD00B190FD /* DemoEureka.xcdatamodel */;
			path = DemoEureka.xcdatamodeld;
			sourceTree = "<group>";
			versionGroupType = wrapper.xcdatamodel;
		};
/* End XCVersionGroup section */
	};
	rootObject = D0C5646F20A051DD00B190FD /* Project object */;
}
